// !$*UTF8*$!
{
	archiveVersion = 1;
	classes = {
	};
	objectVersion = 56;
	objects = {

/* Begin PBXBuildFile section */
		C716F3B82CA143FA00B0767D /* HTTPMethod.swift in Sources */ = {isa = PBXBuildFile; fileRef = C716F3B72CA143FA00B0767D /* HTTPMethod.swift */; };
		C716F3BA2CA144CF00B0767D /* Errors.swift in Sources */ = {isa = PBXBuildFile; fileRef = C716F3B92CA144CF00B0767D /* Errors.swift */; };
		C716F3BE2CA1456900B0767D /* HTTPResource.swift in Sources */ = {isa = PBXBuildFile; fileRef = C716F3BD2CA1456900B0767D /* HTTPResource.swift */; };
		C716F3C52CA1484900B0767D /* WrapperResults.swift in Sources */ = {isa = PBXBuildFile; fileRef = C716F3C42CA1484900B0767D /* WrapperResults.swift */; };
		C716F3C72CA148ED00B0767D /* MoviesResource.swift in Sources */ = {isa = PBXBuildFile; fileRef = C716F3C62CA148ED00B0767D /* MoviesResource.swift */; };
		C71F0EFC2CCADA1F00D4ECB0 /* String.swift in Sources */ = {isa = PBXBuildFile; fileRef = C71F0EFB2CCADA1F00D4ECB0 /* String.swift */; };
		C71F0EFE2CCAE73000D4ECB0 /* DotsIndicatorView.swift in Sources */ = {isa = PBXBuildFile; fileRef = C71F0EFD2CCAE73000D4ECB0 /* DotsIndicatorView.swift */; };
		C72766F92CA7CF7500A9D874 /* MockMoviesDataService.swift in Sources */ = {isa = PBXBuildFile; fileRef = C72766F82CA7CF7500A9D874 /* MockMoviesDataService.swift */; };
		C737F8152CC75377003766A7 /* CarouselView.swift in Sources */ = {isa = PBXBuildFile; fileRef = C737F8142CC75377003766A7 /* CarouselView.swift */; };
		C73FF8312C9F97B500140E38 /* SwiftUIMovieDBApp.swift in Sources */ = {isa = PBXBuildFile; fileRef = C73FF8302C9F97B500140E38 /* SwiftUIMovieDBApp.swift */; };
		C73FF8332C9F97B500140E38 /* ContentView.swift in Sources */ = {isa = PBXBuildFile; fileRef = C73FF8322C9F97B500140E38 /* ContentView.swift */; };
		C73FF8382C9F97B600140E38 /* Preview Assets.xcassets in Resources */ = {isa = PBXBuildFile; fileRef = C73FF8372C9F97B600140E38 /* Preview Assets.xcassets */; };
		C73FF8442C9F9EAA00140E38 /* ColorTheme.swift in Sources */ = {isa = PBXBuildFile; fileRef = C73FF8432C9F9EAA00140E38 /* ColorTheme.swift */; };
		C73FF8462C9F9EC600140E38 /* TextStyle.swift in Sources */ = {isa = PBXBuildFile; fileRef = C73FF8452C9F9EC600140E38 /* TextStyle.swift */; };
		C73FF84A2C9FA03B00140E38 /* Montserrat.ttf in Resources */ = {isa = PBXBuildFile; fileRef = C73FF8492C9FA03B00140E38 /* Montserrat.ttf */; };
		C73FF84D2C9FA27800140E38 /* Assets.xcassets in Resources */ = {isa = PBXBuildFile; fileRef = C73FF84C2C9FA27800140E38 /* Assets.xcassets */; };
		C73FF8522C9FC56E00140E38 /* HomeView.swift in Sources */ = {isa = PBXBuildFile; fileRef = C73FF8512C9FC56E00140E38 /* HomeView.swift */; };
		C73FF8562C9FCC1100140E38 /* PreviewData.swift in Sources */ = {isa = PBXBuildFile; fileRef = C73FF8552C9FCC1100140E38 /* PreviewData.swift */; };
		C73FF8592C9FCD2000140E38 /* Movie.swift in Sources */ = {isa = PBXBuildFile; fileRef = C73FF8582C9FCD2000140E38 /* Movie.swift */; };
		C73FF85E2C9FDD4A00140E38 /* MoviesDataServiceProtocol.swift in Sources */ = {isa = PBXBuildFile; fileRef = C73FF85D2C9FDD4A00140E38 /* MoviesDataServiceProtocol.swift */; };
		C77781A02CA6919000C80D07 /* HTTPNetworking.swift in Sources */ = {isa = PBXBuildFile; fileRef = C777819F2CA6919000C80D07 /* HTTPNetworking.swift */; };
		C77781A92CA6A37B00C80D07 /* MoviesViewModel.swift in Sources */ = {isa = PBXBuildFile; fileRef = C77781A82CA6A37B00C80D07 /* MoviesViewModel.swift */; };
		C77781AB2CA6A48000C80D07 /* MoviesDataService.swift in Sources */ = {isa = PBXBuildFile; fileRef = C77781AA2CA6A48000C80D07 /* MoviesDataService.swift */; };
		C7A975002CC2EEC3004D7F7F /* APIConstants.swift in Sources */ = {isa = PBXBuildFile; fileRef = C7A974FF2CC2EEC3004D7F7F /* APIConstants.swift */; };
		C7A9D92D2CC40D3B001C07EC /* HomeHeaderView.swift in Sources */ = {isa = PBXBuildFile; fileRef = C7A9D92C2CC40D3B001C07EC /* HomeHeaderView.swift */; };
		C7A9D9302CC41477001C07EC /* AccountViewModel.swift in Sources */ = {isa = PBXBuildFile; fileRef = C7A9D92F2CC41477001C07EC /* AccountViewModel.swift */; };
		C7A9D9332CC414F1001C07EC /* AccountDataService.swift in Sources */ = {isa = PBXBuildFile; fileRef = C7A9D9322CC414F1001C07EC /* AccountDataService.swift */; };
		C7A9D9352CC41546001C07EC /* AccountDataServiceProtocol.swift in Sources */ = {isa = PBXBuildFile; fileRef = C7A9D9342CC41546001C07EC /* AccountDataServiceProtocol.swift */; };
		C7A9D9372CC42415001C07EC /* MockAccountDataService.swift in Sources */ = {isa = PBXBuildFile; fileRef = C7A9D9362CC42415001C07EC /* MockAccountDataService.swift */; };
		C7A9D9392CC43072001C07EC /* PreviewViewModels.swift in Sources */ = {isa = PBXBuildFile; fileRef = C7A9D9382CC43072001C07EC /* PreviewViewModels.swift */; };
		C7AF4AF22CC832A000DFABA0 /* ImageView.swift in Sources */ = {isa = PBXBuildFile; fileRef = C7AF4AF12CC832A000DFABA0 /* ImageView.swift */; };
		C7BE9A102CA668B400584061 /* Popular_Movies.json in Resources */ = {isa = PBXBuildFile; fileRef = C7BE9A0F2CA668B400584061 /* Popular_Movies.json */; };
		C7BE9A122CA668BC00584061 /* Movie_Detail.json in Resources */ = {isa = PBXBuildFile; fileRef = C7BE9A112CA668BC00584061 /* Movie_Detail.json */; };
		C7BE9A142CA66A9E00584061 /* MockData.swift in Sources */ = {isa = PBXBuildFile; fileRef = C7BE9A132CA66A9E00584061 /* MockData.swift */; };
		C7CB0E492CC34A3100CD24A7 /* LoginView.swift in Sources */ = {isa = PBXBuildFile; fileRef = C7CB0E482CC34A3100CD24A7 /* LoginView.swift */; };
		C7CB0E4B2CC34A8D00CD24A7 /* AuthViewModel.swift in Sources */ = {isa = PBXBuildFile; fileRef = C7CB0E4A2CC34A8D00CD24A7 /* AuthViewModel.swift */; };
		C7CB0E4D2CC34E1000CD24A7 /* AuthService.swift in Sources */ = {isa = PBXBuildFile; fileRef = C7CB0E4C2CC34E1000CD24A7 /* AuthService.swift */; };
		C7CB0E4F2CC34E4100CD24A7 /* User.swift in Sources */ = {isa = PBXBuildFile; fileRef = C7CB0E4E2CC34E4100CD24A7 /* User.swift */; };
		C7CB0E512CC34EA800CD24A7 /* AuthModels.swift in Sources */ = {isa = PBXBuildFile; fileRef = C7CB0E502CC34EA800CD24A7 /* AuthModels.swift */; };
		C7CB0E532CC34F0C00CD24A7 /* AuthResources.swift in Sources */ = {isa = PBXBuildFile; fileRef = C7CB0E522CC34F0C00CD24A7 /* AuthResources.swift */; };
		C7CB0E562CC34FED00CD24A7 /* KeychainManager.swift in Sources */ = {isa = PBXBuildFile; fileRef = C7CB0E552CC34FED00CD24A7 /* KeychainManager.swift */; };
		C7CB0E592CC3503100CD24A7 /* KeychainSwift in Frameworks */ = {isa = PBXBuildFile; productRef = C7CB0E582CC3503100CD24A7 /* KeychainSwift */; };
		C7CB0E5C2CC350C200CD24A7 /* ProfileView.swift in Sources */ = {isa = PBXBuildFile; fileRef = C7CB0E5B2CC350C200CD24A7 /* ProfileView.swift */; };
		C7CB0E5E2CC351C300CD24A7 /* MockAuthService.swift in Sources */ = {isa = PBXBuildFile; fileRef = C7CB0E5D2CC351C300CD24A7 /* MockAuthService.swift */; };
		C7CB0E602CC351EC00CD24A7 /* MockKeychainManager.swift in Sources */ = {isa = PBXBuildFile; fileRef = C7CB0E5F2CC351EC00CD24A7 /* MockKeychainManager.swift */; };
		C7CB0E622CC3529700CD24A7 /* Account_Details.json in Resources */ = {isa = PBXBuildFile; fileRef = C7CB0E612CC3529700CD24A7 /* Account_Details.json */; };
		C7CB0E642CC353DD00CD24A7 /* AccountDetailsResource.swift in Sources */ = {isa = PBXBuildFile; fileRef = C7CB0E632CC353DD00CD24A7 /* AccountDetailsResource.swift */; };
		C7CBC1432CC3708C00DB9B24 /* AuthServiceProtocol.swift in Sources */ = {isa = PBXBuildFile; fileRef = C7CBC1422CC3708C00DB9B24 /* AuthServiceProtocol.swift */; };
		C7CD7C0F2CC31A6B00AD52D7 /* env.swift in Sources */ = {isa = PBXBuildFile; fileRef = C7CD7C0E2CC31A6B00AD52D7 /* env.swift */; };
/* End PBXBuildFile section */

/* Begin PBXFileReference section */
		C716F3B72CA143FA00B0767D /* HTTPMethod.swift */ = {isa = PBXFileReference; lastKnownFileType = sourcecode.swift; path = HTTPMethod.swift; sourceTree = "<group>"; };
		C716F3B92CA144CF00B0767D /* Errors.swift */ = {isa = PBXFileReference; lastKnownFileType = sourcecode.swift; path = Errors.swift; sourceTree = "<group>"; };
		C716F3BD2CA1456900B0767D /* HTTPResource.swift */ = {isa = PBXFileReference; lastKnownFileType = sourcecode.swift; path = HTTPResource.swift; sourceTree = "<group>"; };
		C716F3C42CA1484900B0767D /* WrapperResults.swift */ = {isa = PBXFileReference; lastKnownFileType = sourcecode.swift; path = WrapperResults.swift; sourceTree = "<group>"; };
		C716F3C62CA148ED00B0767D /* MoviesResource.swift */ = {isa = PBXFileReference; lastKnownFileType = sourcecode.swift; path = MoviesResource.swift; sourceTree = "<group>"; };
		C71F0EFB2CCADA1F00D4ECB0 /* String.swift */ = {isa = PBXFileReference; lastKnownFileType = sourcecode.swift; path = String.swift; sourceTree = "<group>"; };
		C71F0EFD2CCAE73000D4ECB0 /* DotsIndicatorView.swift */ = {isa = PBXFileReference; lastKnownFileType = sourcecode.swift; path = DotsIndicatorView.swift; sourceTree = "<group>"; };
		C72766F82CA7CF7500A9D874 /* MockMoviesDataService.swift */ = {isa = PBXFileReference; lastKnownFileType = sourcecode.swift; path = MockMoviesDataService.swift; sourceTree = "<group>"; };
		C737F8142CC75377003766A7 /* CarouselView.swift */ = {isa = PBXFileReference; lastKnownFileType = sourcecode.swift; path = CarouselView.swift; sourceTree = "<group>"; };
		C73FF82D2C9F97B500140E38 /* SwiftUIMovieDB.app */ = {isa = PBXFileReference; explicitFileType = wrapper.application; includeInIndex = 0; path = SwiftUIMovieDB.app; sourceTree = BUILT_PRODUCTS_DIR; };
		C73FF8302C9F97B500140E38 /* SwiftUIMovieDBApp.swift */ = {isa = PBXFileReference; lastKnownFileType = sourcecode.swift; path = SwiftUIMovieDBApp.swift; sourceTree = "<group>"; };
		C73FF8322C9F97B500140E38 /* ContentView.swift */ = {isa = PBXFileReference; lastKnownFileType = sourcecode.swift; path = ContentView.swift; sourceTree = "<group>"; };
		C73FF8372C9F97B600140E38 /* Preview Assets.xcassets */ = {isa = PBXFileReference; lastKnownFileType = folder.assetcatalog; path = "Preview Assets.xcassets"; sourceTree = "<group>"; };
		C73FF8432C9F9EAA00140E38 /* ColorTheme.swift */ = {isa = PBXFileReference; lastKnownFileType = sourcecode.swift; path = ColorTheme.swift; sourceTree = "<group>"; };
		C73FF8452C9F9EC600140E38 /* TextStyle.swift */ = {isa = PBXFileReference; lastKnownFileType = sourcecode.swift; path = TextStyle.swift; sourceTree = "<group>"; };
		C73FF8492C9FA03B00140E38 /* Montserrat.ttf */ = {isa = PBXFileReference; lastKnownFileType = file; path = Montserrat.ttf; sourceTree = "<group>"; };
		C73FF84B2C9FA0E000140E38 /* Info.plist */ = {isa = PBXFileReference; lastKnownFileType = text.plist.xml; path = Info.plist; sourceTree = "<group>"; };
		C73FF84C2C9FA27800140E38 /* Assets.xcassets */ = {isa = PBXFileReference; lastKnownFileType = folder.assetcatalog; path = Assets.xcassets; sourceTree = "<group>"; };
		C73FF8512C9FC56E00140E38 /* HomeView.swift */ = {isa = PBXFileReference; lastKnownFileType = sourcecode.swift; path = HomeView.swift; sourceTree = "<group>"; };
		C73FF8552C9FCC1100140E38 /* PreviewData.swift */ = {isa = PBXFileReference; lastKnownFileType = sourcecode.swift; path = PreviewData.swift; sourceTree = "<group>"; };
		C73FF8582C9FCD2000140E38 /* Movie.swift */ = {isa = PBXFileReference; lastKnownFileType = sourcecode.swift; path = Movie.swift; sourceTree = "<group>"; };
		C73FF85D2C9FDD4A00140E38 /* MoviesDataServiceProtocol.swift */ = {isa = PBXFileReference; lastKnownFileType = sourcecode.swift; path = MoviesDataServiceProtocol.swift; sourceTree = "<group>"; };
		C777819F2CA6919000C80D07 /* HTTPNetworking.swift */ = {isa = PBXFileReference; lastKnownFileType = sourcecode.swift; path = HTTPNetworking.swift; sourceTree = "<group>"; };
		C77781A82CA6A37B00C80D07 /* MoviesViewModel.swift */ = {isa = PBXFileReference; lastKnownFileType = sourcecode.swift; path = MoviesViewModel.swift; sourceTree = "<group>"; };
		C77781AA2CA6A48000C80D07 /* MoviesDataService.swift */ = {isa = PBXFileReference; lastKnownFileType = sourcecode.swift; path = MoviesDataService.swift; sourceTree = "<group>"; };
		C7A974FF2CC2EEC3004D7F7F /* APIConstants.swift */ = {isa = PBXFileReference; lastKnownFileType = sourcecode.swift; path = APIConstants.swift; sourceTree = "<group>"; };
		C7A9D92C2CC40D3B001C07EC /* HomeHeaderView.swift */ = {isa = PBXFileReference; lastKnownFileType = sourcecode.swift; path = HomeHeaderView.swift; sourceTree = "<group>"; };
		C7A9D92F2CC41477001C07EC /* AccountViewModel.swift */ = {isa = PBXFileReference; lastKnownFileType = sourcecode.swift; path = AccountViewModel.swift; sourceTree = "<group>"; };
		C7A9D9322CC414F1001C07EC /* AccountDataService.swift */ = {isa = PBXFileReference; lastKnownFileType = sourcecode.swift; path = AccountDataService.swift; sourceTree = "<group>"; };
		C7A9D9342CC41546001C07EC /* AccountDataServiceProtocol.swift */ = {isa = PBXFileReference; lastKnownFileType = sourcecode.swift; path = AccountDataServiceProtocol.swift; sourceTree = "<group>"; };
		C7A9D9362CC42415001C07EC /* MockAccountDataService.swift */ = {isa = PBXFileReference; lastKnownFileType = sourcecode.swift; path = MockAccountDataService.swift; sourceTree = "<group>"; };
		C7A9D9382CC43072001C07EC /* PreviewViewModels.swift */ = {isa = PBXFileReference; lastKnownFileType = sourcecode.swift; path = PreviewViewModels.swift; sourceTree = "<group>"; };
		C7AF4AF12CC832A000DFABA0 /* ImageView.swift */ = {isa = PBXFileReference; lastKnownFileType = sourcecode.swift; path = ImageView.swift; sourceTree = "<group>"; };
		C7BE9A0F2CA668B400584061 /* Popular_Movies.json */ = {isa = PBXFileReference; fileEncoding = 4; lastKnownFileType = text.json; path = Popular_Movies.json; sourceTree = "<group>"; };
		C7BE9A112CA668BC00584061 /* Movie_Detail.json */ = {isa = PBXFileReference; fileEncoding = 4; lastKnownFileType = text.json; path = Movie_Detail.json; sourceTree = "<group>"; };
		C7BE9A132CA66A9E00584061 /* MockData.swift */ = {isa = PBXFileReference; lastKnownFileType = sourcecode.swift; path = MockData.swift; sourceTree = "<group>"; };
		C7CB0E482CC34A3100CD24A7 /* LoginView.swift */ = {isa = PBXFileReference; lastKnownFileType = sourcecode.swift; path = LoginView.swift; sourceTree = "<group>"; };
		C7CB0E4A2CC34A8D00CD24A7 /* AuthViewModel.swift */ = {isa = PBXFileReference; lastKnownFileType = sourcecode.swift; path = AuthViewModel.swift; sourceTree = "<group>"; };
		C7CB0E4C2CC34E1000CD24A7 /* AuthService.swift */ = {isa = PBXFileReference; lastKnownFileType = sourcecode.swift; path = AuthService.swift; sourceTree = "<group>"; };
		C7CB0E4E2CC34E4100CD24A7 /* User.swift */ = {isa = PBXFileReference; lastKnownFileType = sourcecode.swift; path = User.swift; sourceTree = "<group>"; };
		C7CB0E502CC34EA800CD24A7 /* AuthModels.swift */ = {isa = PBXFileReference; lastKnownFileType = sourcecode.swift; path = AuthModels.swift; sourceTree = "<group>"; };
		C7CB0E522CC34F0C00CD24A7 /* AuthResources.swift */ = {isa = PBXFileReference; lastKnownFileType = sourcecode.swift; path = AuthResources.swift; sourceTree = "<group>"; };
		C7CB0E552CC34FED00CD24A7 /* KeychainManager.swift */ = {isa = PBXFileReference; lastKnownFileType = sourcecode.swift; path = KeychainManager.swift; sourceTree = "<group>"; };
		C7CB0E5B2CC350C200CD24A7 /* ProfileView.swift */ = {isa = PBXFileReference; lastKnownFileType = sourcecode.swift; path = ProfileView.swift; sourceTree = "<group>"; };
		C7CB0E5D2CC351C300CD24A7 /* MockAuthService.swift */ = {isa = PBXFileReference; lastKnownFileType = sourcecode.swift; path = MockAuthService.swift; sourceTree = "<group>"; };
		C7CB0E5F2CC351EC00CD24A7 /* MockKeychainManager.swift */ = {isa = PBXFileReference; lastKnownFileType = sourcecode.swift; path = MockKeychainManager.swift; sourceTree = "<group>"; };
		C7CB0E612CC3529700CD24A7 /* Account_Details.json */ = {isa = PBXFileReference; fileEncoding = 4; lastKnownFileType = text.json; path = Account_Details.json; sourceTree = "<group>"; };
		C7CB0E632CC353DD00CD24A7 /* AccountDetailsResource.swift */ = {isa = PBXFileReference; lastKnownFileType = sourcecode.swift; path = AccountDetailsResource.swift; sourceTree = "<group>"; };
		C7CBC1422CC3708C00DB9B24 /* AuthServiceProtocol.swift */ = {isa = PBXFileReference; lastKnownFileType = sourcecode.swift; path = AuthServiceProtocol.swift; sourceTree = "<group>"; };
		C7CD7C0E2CC31A6B00AD52D7 /* env.swift */ = {isa = PBXFileReference; lastKnownFileType = sourcecode.swift; path = env.swift; sourceTree = "<group>"; };
/* End PBXFileReference section */

/* Begin PBXFrameworksBuildPhase section */
		C73FF82A2C9F97B500140E38 /* Frameworks */ = {
			isa = PBXFrameworksBuildPhase;
			buildActionMask = 2147483647;
			files = (
				C7CB0E592CC3503100CD24A7 /* KeychainSwift in Frameworks */,
			);
			runOnlyForDeploymentPostprocessing = 0;
		};
/* End PBXFrameworksBuildPhase section */

/* Begin PBXGroup section */
		C716F3B52CA142F300B0767D /* Utilities */ = {
			isa = PBXGroup;
			children = (
				C716F3B62CA1438F00B0767D /* Networking */,
			);
			path = Utilities;
			sourceTree = "<group>";
		};
		C716F3B62CA1438F00B0767D /* Networking */ = {
			isa = PBXGroup;
			children = (
				C716F3B72CA143FA00B0767D /* HTTPMethod.swift */,
				C716F3BD2CA1456900B0767D /* HTTPResource.swift */,
				C777819F2CA6919000C80D07 /* HTTPNetworking.swift */,
			);
			path = Networking;
			sourceTree = "<group>";
		};
		C716F3C12CA1470D00B0767D /* App */ = {
			isa = PBXGroup;
			children = (
				C73FF8302C9F97B500140E38 /* SwiftUIMovieDBApp.swift */,
			);
			path = App;
			sourceTree = "<group>";
		};
		C716F3C22CA1476500B0767D /* Root */ = {
			isa = PBXGroup;
			children = (
				C73FF8322C9F97B500140E38 /* ContentView.swift */,
			);
			path = Root;
			sourceTree = "<group>";
		};
		C71F0EFA2CCADA0A00D4ECB0 /* Extensions */ = {
			isa = PBXGroup;
			children = (
				C71F0EFB2CCADA1F00D4ECB0 /* String.swift */,
			);
			path = Extensions;
			sourceTree = "<group>";
		};
		C72766F42CA7AA8100A9D874 /* Shared */ = {
			isa = PBXGroup;
			children = (
				C71F0EFA2CCADA0A00D4ECB0 /* Extensions */,
				C7A9D92B2CC40CA0001C07EC /* Components */,
				C72766F52CA7AB1700A9D874 /* Helpers */,
				C72766F62CA7B6DD00A9D874 /* Mocks */,
				C7CB0E542CC34FC100CD24A7 /* Storage */,
				C73FF8402C9F9DAF00140E38 /* Theme */,
				C716F3B52CA142F300B0767D /* Utilities */,
			);
			path = Shared;
			sourceTree = "<group>";
		};
		C72766F52CA7AB1700A9D874 /* Helpers */ = {
			isa = PBXGroup;
			children = (
				C7CD7C0E2CC31A6B00AD52D7 /* env.swift */,
				C716F3B92CA144CF00B0767D /* Errors.swift */,
				C7A974FF2CC2EEC3004D7F7F /* APIConstants.swift */,
			);
			path = Helpers;
			sourceTree = "<group>";
		};
		C72766F62CA7B6DD00A9D874 /* Mocks */ = {
			isa = PBXGroup;
			children = (
				C72766F72CA7B81300A9D874 /* Data */,
				C7CB0E5D2CC351C300CD24A7 /* MockAuthService.swift */,
				C7CB0E5F2CC351EC00CD24A7 /* MockKeychainManager.swift */,
				C7A9D9362CC42415001C07EC /* MockAccountDataService.swift */,
				C72766F82CA7CF7500A9D874 /* MockMoviesDataService.swift */,
			);
			path = Mocks;
			sourceTree = "<group>";
		};
		C72766F72CA7B81300A9D874 /* Data */ = {
			isa = PBXGroup;
			children = (
				C7BE9A132CA66A9E00584061 /* MockData.swift */,
				C7CB0E612CC3529700CD24A7 /* Account_Details.json */,
				C7BE9A112CA668BC00584061 /* Movie_Detail.json */,
				C7BE9A0F2CA668B400584061 /* Popular_Movies.json */,
			);
			path = Data;
			sourceTree = "<group>";
		};
		C73FF8242C9F97B500140E38 = {
			isa = PBXGroup;
			children = (
				C73FF82F2C9F97B500140E38 /* SwiftUIMovieDB */,
				C73FF82E2C9F97B500140E38 /* Products */,
			);
			sourceTree = "<group>";
		};
		C73FF82E2C9F97B500140E38 /* Products */ = {
			isa = PBXGroup;
			children = (
				C73FF82D2C9F97B500140E38 /* SwiftUIMovieDB.app */,
			);
			name = Products;
			sourceTree = "<group>";
		};
		C73FF82F2C9F97B500140E38 /* SwiftUIMovieDB */ = {
			isa = PBXGroup;
			children = (
				C716F3C12CA1470D00B0767D /* App */,
				C73FF84E2C9FC3EA00140E38 /* Features */,
				C72766F42CA7AA8100A9D874 /* Shared */,
				C73FF8362C9F97B600140E38 /* Preview Content */,
				C73FF84C2C9FA27800140E38 /* Assets.xcassets */,
				C73FF84B2C9FA0E000140E38 /* Info.plist */,
			);
			path = SwiftUIMovieDB;
			sourceTree = "<group>";
		};
		C73FF8362C9F97B600140E38 /* Preview Content */ = {
			isa = PBXGroup;
			children = (
				C73FF8552C9FCC1100140E38 /* PreviewData.swift */,
				C73FF8372C9F97B600140E38 /* Preview Assets.xcassets */,
				C7A9D9382CC43072001C07EC /* PreviewViewModels.swift */,
			);
			path = "Preview Content";
			sourceTree = "<group>";
		};
		C73FF8402C9F9DAF00140E38 /* Theme */ = {
			isa = PBXGroup;
			children = (
				C73FF8482C9F9FD200140E38 /* Fonts */,
				C73FF8432C9F9EAA00140E38 /* ColorTheme.swift */,
				C73FF8452C9F9EC600140E38 /* TextStyle.swift */,
			);
			name = Theme;
			path = ../Theme;
			sourceTree = "<group>";
		};
		C73FF8482C9F9FD200140E38 /* Fonts */ = {
			isa = PBXGroup;
			children = (
				C73FF8492C9FA03B00140E38 /* Montserrat.ttf */,
			);
			path = Fonts;
			sourceTree = "<group>";
		};
		C73FF84E2C9FC3EA00140E38 /* Features */ = {
			isa = PBXGroup;
			children = (
				C7CB0E432CC3476200CD24A7 /* Auth */,
				C73FF84F2C9FC52E00140E38 /* Home */,
				C7CB0E5A2CC3509100CD24A7 /* Profile */,
				C716F3C22CA1476500B0767D /* Root */,
			);
			path = Features;
			sourceTree = "<group>";
		};
		C73FF84F2C9FC52E00140E38 /* Home */ = {
			isa = PBXGroup;
			children = (
				C73FF8572C9FCC1900140E38 /* Model */,
				C73FF8502C9FC53500140E38 /* View */,
				C77781A72CA6A33100C80D07 /* ViewModel */,
				C73FF85C2C9FDC5700140E38 /* Service */,
			);
			path = Home;
			sourceTree = "<group>";
		};
		C73FF8502C9FC53500140E38 /* View */ = {
			isa = PBXGroup;
			children = (
				C73FF8512C9FC56E00140E38 /* HomeView.swift */,
				C7A9D92C2CC40D3B001C07EC /* HomeHeaderView.swift */,
			);
			path = View;
			sourceTree = "<group>";
		};
		C73FF8572C9FCC1900140E38 /* Model */ = {
			isa = PBXGroup;
			children = (
				C73FF8582C9FCD2000140E38 /* Movie.swift */,
				C716F3C42CA1484900B0767D /* WrapperResults.swift */,
			);
			path = Model;
			sourceTree = "<group>";
		};
		C73FF85C2C9FDC5700140E38 /* Service */ = {
			isa = PBXGroup;
			children = (
				C716F3C62CA148ED00B0767D /* MoviesResource.swift */,
				C73FF85D2C9FDD4A00140E38 /* MoviesDataServiceProtocol.swift */,
				C77781AA2CA6A48000C80D07 /* MoviesDataService.swift */,
			);
			path = Service;
			sourceTree = "<group>";
		};
		C77781A72CA6A33100C80D07 /* ViewModel */ = {
			isa = PBXGroup;
			children = (
				C77781A82CA6A37B00C80D07 /* MoviesViewModel.swift */,
			);
			path = ViewModel;
			sourceTree = "<group>";
		};
		C7A9D92B2CC40CA0001C07EC /* Components */ = {
			isa = PBXGroup;
			children = (
				C737F8142CC75377003766A7 /* CarouselView.swift */,
				C71F0EFD2CCAE73000D4ECB0 /* DotsIndicatorView.swift */,
				C7AF4AF12CC832A000DFABA0 /* ImageView.swift */,
			);
			path = Components;
			sourceTree = "<group>";
		};
		C7A9D92E2CC4142D001C07EC /* ViewModel */ = {
			isa = PBXGroup;
			children = (
				C7A9D92F2CC41477001C07EC /* AccountViewModel.swift */,
			);
			path = ViewModel;
			sourceTree = "<group>";
		};
		C7A9D9312CC41482001C07EC /* Service */ = {
			isa = PBXGroup;
			children = (
				C7A9D9322CC414F1001C07EC /* AccountDataService.swift */,
				C7A9D9342CC41546001C07EC /* AccountDataServiceProtocol.swift */,
			);
			path = Service;
			sourceTree = "<group>";
		};
		C7CB0E432CC3476200CD24A7 /* Auth */ = {
			isa = PBXGroup;
			children = (
				C7CB0E442CC349DC00CD24A7 /* Model */,
				C7CB0E472CC34A0200CD24A7 /* View */,
				C7CB0E462CC349F300CD24A7 /* ViewModel */,
				C7CB0E452CC349E800CD24A7 /* Service */,
			);
			path = Auth;
			sourceTree = "<group>";
		};
		C7CB0E442CC349DC00CD24A7 /* Model */ = {
			isa = PBXGroup;
			children = (
				C7CB0E4E2CC34E4100CD24A7 /* User.swift */,
				C7CB0E502CC34EA800CD24A7 /* AuthModels.swift */,
			);
			path = Model;
			sourceTree = "<group>";
		};
		C7CB0E452CC349E800CD24A7 /* Service */ = {
			isa = PBXGroup;
			children = (
				C7CB0E4C2CC34E1000CD24A7 /* AuthService.swift */,
				C7CBC1422CC3708C00DB9B24 /* AuthServiceProtocol.swift */,
				C7CB0E522CC34F0C00CD24A7 /* AuthResources.swift */,
				C7CB0E632CC353DD00CD24A7 /* AccountDetailsResource.swift */,
			);
			path = Service;
			sourceTree = "<group>";
		};
		C7CB0E462CC349F300CD24A7 /* ViewModel */ = {
			isa = PBXGroup;
			children = (
				C7CB0E4A2CC34A8D00CD24A7 /* AuthViewModel.swift */,
			);
			path = ViewModel;
			sourceTree = "<group>";
		};
		C7CB0E472CC34A0200CD24A7 /* View */ = {
			isa = PBXGroup;
			children = (
				C7CB0E482CC34A3100CD24A7 /* LoginView.swift */,
			);
			path = View;
			sourceTree = "<group>";
		};
		C7CB0E542CC34FC100CD24A7 /* Storage */ = {
			isa = PBXGroup;
			children = (
				C7CB0E552CC34FED00CD24A7 /* KeychainManager.swift */,
			);
			path = Storage;
			sourceTree = "<group>";
		};
		C7CB0E5A2CC3509100CD24A7 /* Profile */ = {
			isa = PBXGroup;
			children = (
				C7A9D9312CC41482001C07EC /* Service */,
				C7A9D92E2CC4142D001C07EC /* ViewModel */,
				C7CB0E5B2CC350C200CD24A7 /* ProfileView.swift */,
			);
			path = Profile;
			sourceTree = "<group>";
		};
/* End PBXGroup section */

/* Begin PBXNativeTarget section */
		C73FF82C2C9F97B500140E38 /* SwiftUIMovieDB */ = {
			isa = PBXNativeTarget;
			buildConfigurationList = C73FF83B2C9F97B600140E38 /* Build configuration list for PBXNativeTarget "SwiftUIMovieDB" */;
			buildPhases = (
				C73FF8292C9F97B500140E38 /* Sources */,
				C73FF82A2C9F97B500140E38 /* Frameworks */,
				C73FF82B2C9F97B500140E38 /* Resources */,
			);
			buildRules = (
			);
			dependencies = (
			);
			name = SwiftUIMovieDB;
			packageProductDependencies = (
				C7CB0E582CC3503100CD24A7 /* KeychainSwift */,
			);
			productName = SwiftUIMovieDB;
			productReference = C73FF82D2C9F97B500140E38 /* SwiftUIMovieDB.app */;
			productType = "com.apple.product-type.application";
		};
/* End PBXNativeTarget section */

/* Begin PBXProject section */
		C73FF8252C9F97B500140E38 /* Project object */ = {
			isa = PBXProject;
			attributes = {
				BuildIndependentTargetsInParallel = 1;
				LastSwiftUpdateCheck = 1520;
				LastUpgradeCheck = 1520;
				TargetAttributes = {
					C73FF82C2C9F97B500140E38 = {
						CreatedOnToolsVersion = 15.2;
					};
				};
			};
			buildConfigurationList = C73FF8282C9F97B500140E38 /* Build configuration list for PBXProject "SwiftUIMovieDB" */;
			compatibilityVersion = "Xcode 14.0";
			developmentRegion = en;
			hasScannedForEncodings = 0;
			knownRegions = (
				en,
				Base,
			);
			mainGroup = C73FF8242C9F97B500140E38;
			packageReferences = (
				C7CB0E572CC3503100CD24A7 /* XCRemoteSwiftPackageReference "keychain-swift" */,
			);
			productRefGroup = C73FF82E2C9F97B500140E38 /* Products */;
			projectDirPath = "";
			projectRoot = "";
			targets = (
				C73FF82C2C9F97B500140E38 /* SwiftUIMovieDB */,
			);
		};
/* End PBXProject section */

/* Begin PBXResourcesBuildPhase section */
		C73FF82B2C9F97B500140E38 /* Resources */ = {
			isa = PBXResourcesBuildPhase;
			buildActionMask = 2147483647;
			files = (
				C7BE9A122CA668BC00584061 /* Movie_Detail.json in Resources */,
				C7BE9A102CA668B400584061 /* Popular_Movies.json in Resources */,
				C73FF8382C9F97B600140E38 /* Preview Assets.xcassets in Resources */,
				C73FF84D2C9FA27800140E38 /* Assets.xcassets in Resources */,
				C73FF84A2C9FA03B00140E38 /* Montserrat.ttf in Resources */,
				C7CB0E622CC3529700CD24A7 /* Account_Details.json in Resources */,
			);
			runOnlyForDeploymentPostprocessing = 0;
		};
/* End PBXResourcesBuildPhase section */

/* Begin PBXSourcesBuildPhase section */
		C73FF8292C9F97B500140E38 /* Sources */ = {
			isa = PBXSourcesBuildPhase;
			buildActionMask = 2147483647;
			files = (
				C7AF4AF22CC832A000DFABA0 /* ImageView.swift in Sources */,
				C73FF8592C9FCD2000140E38 /* Movie.swift in Sources */,
				C71F0EFC2CCADA1F00D4ECB0 /* String.swift in Sources */,
				C7CB0E642CC353DD00CD24A7 /* AccountDetailsResource.swift in Sources */,
				C7CB0E4D2CC34E1000CD24A7 /* AuthService.swift in Sources */,
				C7A9D9372CC42415001C07EC /* MockAccountDataService.swift in Sources */,
				C73FF8462C9F9EC600140E38 /* TextStyle.swift in Sources */,
				C7CB0E532CC34F0C00CD24A7 /* AuthResources.swift in Sources */,
				C77781A92CA6A37B00C80D07 /* MoviesViewModel.swift in Sources */,
				C7A9D92D2CC40D3B001C07EC /* HomeHeaderView.swift in Sources */,
				C7CB0E512CC34EA800CD24A7 /* AuthModels.swift in Sources */,
				C737F8152CC75377003766A7 /* CarouselView.swift in Sources */,
				C73FF8442C9F9EAA00140E38 /* ColorTheme.swift in Sources */,
				C71F0EFE2CCAE73000D4ECB0 /* DotsIndicatorView.swift in Sources */,
				C7CB0E602CC351EC00CD24A7 /* MockKeychainManager.swift in Sources */,
				C7CBC1432CC3708C00DB9B24 /* AuthServiceProtocol.swift in Sources */,
				C73FF8562C9FCC1100140E38 /* PreviewData.swift in Sources */,
				C7A975002CC2EEC3004D7F7F /* APIConstants.swift in Sources */,
				C73FF8332C9F97B500140E38 /* ContentView.swift in Sources */,
				C73FF85E2C9FDD4A00140E38 /* MoviesDataServiceProtocol.swift in Sources */,
				C73FF8522C9FC56E00140E38 /* HomeView.swift in Sources */,
				C7CB0E5C2CC350C200CD24A7 /* ProfileView.swift in Sources */,
				C716F3B82CA143FA00B0767D /* HTTPMethod.swift in Sources */,
				C7CB0E562CC34FED00CD24A7 /* KeychainManager.swift in Sources */,
				C716F3BE2CA1456900B0767D /* HTTPResource.swift in Sources */,
				C716F3C52CA1484900B0767D /* WrapperResults.swift in Sources */,
				C716F3C72CA148ED00B0767D /* MoviesResource.swift in Sources */,
				C7CD7C0F2CC31A6B00AD52D7 /* env.swift in Sources */,
				C77781A02CA6919000C80D07 /* HTTPNetworking.swift in Sources */,
				C7A9D9392CC43072001C07EC /* PreviewViewModels.swift in Sources */,
				C7CB0E492CC34A3100CD24A7 /* LoginView.swift in Sources */,
				C716F3BA2CA144CF00B0767D /* Errors.swift in Sources */,
				C72766F92CA7CF7500A9D874 /* MockMoviesDataService.swift in Sources */,
				C7A9D9332CC414F1001C07EC /* AccountDataService.swift in Sources */,
				C7CB0E5E2CC351C300CD24A7 /* MockAuthService.swift in Sources */,
				C7CB0E4B2CC34A8D00CD24A7 /* AuthViewModel.swift in Sources */,
				C7CB0E4F2CC34E4100CD24A7 /* User.swift in Sources */,
				C7A9D9302CC41477001C07EC /* AccountViewModel.swift in Sources */,
				C7BE9A142CA66A9E00584061 /* MockData.swift in Sources */,
				C77781AB2CA6A48000C80D07 /* MoviesDataService.swift in Sources */,
				C7A9D9352CC41546001C07EC /* AccountDataServiceProtocol.swift in Sources */,
				C73FF8312C9F97B500140E38 /* SwiftUIMovieDBApp.swift in Sources */,
			);
			runOnlyForDeploymentPostprocessing = 0;
		};
/* End PBXSourcesBuildPhase section */

/* Begin XCBuildConfiguration section */
		C73FF8392C9F97B600140E38 /* Debug */ = {
			isa = XCBuildConfiguration;
			buildSettings = {
				ALWAYS_SEARCH_USER_PATHS = NO;
				ASSETCATALOG_COMPILER_GENERATE_SWIFT_ASSET_SYMBOL_EXTENSIONS = YES;
				CLANG_ANALYZER_NONNULL = YES;
				CLANG_ANALYZER_NUMBER_OBJECT_CONVERSION = YES_AGGRESSIVE;
				CLANG_CXX_LANGUAGE_STANDARD = "gnu++20";
				CLANG_ENABLE_MODULES = YES;
				CLANG_ENABLE_OBJC_ARC = YES;
				CLANG_ENABLE_OBJC_WEAK = YES;
				CLANG_WARN_BLOCK_CAPTURE_AUTORELEASING = YES;
				CLANG_WARN_BOOL_CONVERSION = YES;
				CLANG_WARN_COMMA = YES;
				CLANG_WARN_CONSTANT_CONVERSION = YES;
				CLANG_WARN_DEPRECATED_OBJC_IMPLEMENTATIONS = YES;
				CLANG_WARN_DIRECT_OBJC_ISA_USAGE = YES_ERROR;
				CLANG_WARN_DOCUMENTATION_COMMENTS = YES;
				CLANG_WARN_EMPTY_BODY = YES;
				CLANG_WARN_ENUM_CONVERSION = YES;
				CLANG_WARN_INFINITE_RECURSION = YES;
				CLANG_WARN_INT_CONVERSION = YES;
				CLANG_WARN_NON_LITERAL_NULL_CONVERSION = YES;
				CLANG_WARN_OBJC_IMPLICIT_RETAIN_SELF = YES;
				CLANG_WARN_OBJC_LITERAL_CONVERSION = YES;
				CLANG_WARN_OBJC_ROOT_CLASS = YES_ERROR;
				CLANG_WARN_QUOTED_INCLUDE_IN_FRAMEWORK_HEADER = YES;
				CLANG_WARN_RANGE_LOOP_ANALYSIS = YES;
				CLANG_WARN_STRICT_PROTOTYPES = YES;
				CLANG_WARN_SUSPICIOUS_MOVE = YES;
				CLANG_WARN_UNGUARDED_AVAILABILITY = YES_AGGRESSIVE;
				CLANG_WARN_UNREACHABLE_CODE = YES;
				CLANG_WARN__DUPLICATE_METHOD_MATCH = YES;
				COPY_PHASE_STRIP = NO;
				DEBUG_INFORMATION_FORMAT = dwarf;
				ENABLE_STRICT_OBJC_MSGSEND = YES;
				ENABLE_TESTABILITY = YES;
				ENABLE_USER_SCRIPT_SANDBOXING = YES;
				GCC_C_LANGUAGE_STANDARD = gnu17;
				GCC_DYNAMIC_NO_PIC = NO;
				GCC_NO_COMMON_BLOCKS = YES;
				GCC_OPTIMIZATION_LEVEL = 0;
				GCC_PREPROCESSOR_DEFINITIONS = (
					"DEBUG=1",
					"$(inherited)",
				);
				GCC_WARN_64_TO_32_BIT_CONVERSION = YES;
				GCC_WARN_ABOUT_RETURN_TYPE = YES_ERROR;
				GCC_WARN_UNDECLARED_SELECTOR = YES;
				GCC_WARN_UNINITIALIZED_AUTOS = YES_AGGRESSIVE;
				GCC_WARN_UNUSED_FUNCTION = YES;
				GCC_WARN_UNUSED_VARIABLE = YES;
				IPHONEOS_DEPLOYMENT_TARGET = 17.2;
				LOCALIZATION_PREFERS_STRING_CATALOGS = YES;
				MTL_ENABLE_DEBUG_INFO = INCLUDE_SOURCE;
				MTL_FAST_MATH = YES;
				ONLY_ACTIVE_ARCH = YES;
				SDKROOT = iphoneos;
				SWIFT_ACTIVE_COMPILATION_CONDITIONS = "DEBUG $(inherited)";
				SWIFT_OPTIMIZATION_LEVEL = "-Onone";
			};
			name = Debug;
		};
		C73FF83A2C9F97B600140E38 /* Release */ = {
			isa = XCBuildConfiguration;
			buildSettings = {
				ALWAYS_SEARCH_USER_PATHS = NO;
				ASSETCATALOG_COMPILER_GENERATE_SWIFT_ASSET_SYMBOL_EXTENSIONS = YES;
				CLANG_ANALYZER_NONNULL = YES;
				CLANG_ANALYZER_NUMBER_OBJECT_CONVERSION = YES_AGGRESSIVE;
				CLANG_CXX_LANGUAGE_STANDARD = "gnu++20";
				CLANG_ENABLE_MODULES = YES;
				CLANG_ENABLE_OBJC_ARC = YES;
				CLANG_ENABLE_OBJC_WEAK = YES;
				CLANG_WARN_BLOCK_CAPTURE_AUTORELEASING = YES;
				CLANG_WARN_BOOL_CONVERSION = YES;
				CLANG_WARN_COMMA = YES;
				CLANG_WARN_CONSTANT_CONVERSION = YES;
				CLANG_WARN_DEPRECATED_OBJC_IMPLEMENTATIONS = YES;
				CLANG_WARN_DIRECT_OBJC_ISA_USAGE = YES_ERROR;
				CLANG_WARN_DOCUMENTATION_COMMENTS = YES;
				CLANG_WARN_EMPTY_BODY = YES;
				CLANG_WARN_ENUM_CONVERSION = YES;
				CLANG_WARN_INFINITE_RECURSION = YES;
				CLANG_WARN_INT_CONVERSION = YES;
				CLANG_WARN_NON_LITERAL_NULL_CONVERSION = YES;
				CLANG_WARN_OBJC_IMPLICIT_RETAIN_SELF = YES;
				CLANG_WARN_OBJC_LITERAL_CONVERSION = YES;
				CLANG_WARN_OBJC_ROOT_CLASS = YES_ERROR;
				CLANG_WARN_QUOTED_INCLUDE_IN_FRAMEWORK_HEADER = YES;
				CLANG_WARN_RANGE_LOOP_ANALYSIS = YES;
				CLANG_WARN_STRICT_PROTOTYPES = YES;
				CLANG_WARN_SUSPICIOUS_MOVE = YES;
				CLANG_WARN_UNGUARDED_AVAILABILITY = YES_AGGRESSIVE;
				CLANG_WARN_UNREACHABLE_CODE = YES;
				CLANG_WARN__DUPLICATE_METHOD_MATCH = YES;
				COPY_PHASE_STRIP = NO;
				DEBUG_INFORMATION_FORMAT = "dwarf-with-dsym";
				ENABLE_NS_ASSERTIONS = NO;
				ENABLE_STRICT_OBJC_MSGSEND = YES;
				ENABLE_USER_SCRIPT_SANDBOXING = YES;
				GCC_C_LANGUAGE_STANDARD = gnu17;
				GCC_NO_COMMON_BLOCKS = YES;
				GCC_WARN_64_TO_32_BIT_CONVERSION = YES;
				GCC_WARN_ABOUT_RETURN_TYPE = YES_ERROR;
				GCC_WARN_UNDECLARED_SELECTOR = YES;
				GCC_WARN_UNINITIALIZED_AUTOS = YES_AGGRESSIVE;
				GCC_WARN_UNUSED_FUNCTION = YES;
				GCC_WARN_UNUSED_VARIABLE = YES;
				IPHONEOS_DEPLOYMENT_TARGET = 17.2;
				LOCALIZATION_PREFERS_STRING_CATALOGS = YES;
				MTL_ENABLE_DEBUG_INFO = NO;
				MTL_FAST_MATH = YES;
				SDKROOT = iphoneos;
				SWIFT_COMPILATION_MODE = wholemodule;
				VALIDATE_PRODUCT = YES;
			};
			name = Release;
		};
		C73FF83C2C9F97B600140E38 /* Debug */ = {
			isa = XCBuildConfiguration;
			buildSettings = {
				ASSETCATALOG_COMPILER_APPICON_NAME = AppIcon;
				ASSETCATALOG_COMPILER_GLOBAL_ACCENT_COLOR_NAME = AccentColor;
				CODE_SIGN_STYLE = Automatic;
				CURRENT_PROJECT_VERSION = 1;
				DEVELOPMENT_ASSET_PATHS = "\"SwiftUIMovieDB/Preview Content\"";
				DEVELOPMENT_TEAM = 2ZSN5QWX2S;
				ENABLE_PREVIEWS = YES;
				GENERATE_INFOPLIST_FILE = YES;
				INFOPLIST_FILE = SwiftUIMovieDB/Info.plist;
				INFOPLIST_KEY_CFBundleDisplayName = TMDB;
				INFOPLIST_KEY_UIApplicationSceneManifest_Generation = YES;
				INFOPLIST_KEY_UIApplicationSupportsIndirectInputEvents = YES;
				INFOPLIST_KEY_UILaunchScreen_Generation = YES;
				INFOPLIST_KEY_UISupportedInterfaceOrientations_iPad = "UIInterfaceOrientationPortrait UIInterfaceOrientationPortraitUpsideDown UIInterfaceOrientationLandscapeLeft UIInterfaceOrientationLandscapeRight";
				INFOPLIST_KEY_UISupportedInterfaceOrientations_iPhone = "UIInterfaceOrientationPortrait UIInterfaceOrientationLandscapeLeft UIInterfaceOrientationLandscapeRight";
				IPHONEOS_DEPLOYMENT_TARGET = 17.0;
				LD_RUNPATH_SEARCH_PATHS = (
					"$(inherited)",
					"@executable_path/Frameworks",
				);
				MARKETING_VERSION = 1.0;
				PRODUCT_BUNDLE_IDENTIFIER = com.ivansaul.SwiftUIMovieDB;
				PRODUCT_NAME = "$(TARGET_NAME)";
				SWIFT_EMIT_LOC_STRINGS = YES;
				SWIFT_VERSION = 5.0;
				TARGETED_DEVICE_FAMILY = "1,2";
			};
			name = Debug;
		};
		C73FF83D2C9F97B600140E38 /* Release */ = {
			isa = XCBuildConfiguration;
			buildSettings = {
				ASSETCATALOG_COMPILER_APPICON_NAME = AppIcon;
				ASSETCATALOG_COMPILER_GLOBAL_ACCENT_COLOR_NAME = AccentColor;
				CODE_SIGN_STYLE = Automatic;
				CURRENT_PROJECT_VERSION = 1;
				DEVELOPMENT_ASSET_PATHS = "\"SwiftUIMovieDB/Preview Content\"";
				DEVELOPMENT_TEAM = 2ZSN5QWX2S;
				ENABLE_PREVIEWS = YES;
				GENERATE_INFOPLIST_FILE = YES;
				INFOPLIST_FILE = SwiftUIMovieDB/Info.plist;
				INFOPLIST_KEY_CFBundleDisplayName = TMDB;
				INFOPLIST_KEY_UIApplicationSceneManifest_Generation = YES;
				INFOPLIST_KEY_UIApplicationSupportsIndirectInputEvents = YES;
				INFOPLIST_KEY_UILaunchScreen_Generation = YES;
				INFOPLIST_KEY_UISupportedInterfaceOrientations_iPad = "UIInterfaceOrientationPortrait UIInterfaceOrientationPortraitUpsideDown UIInterfaceOrientationLandscapeLeft UIInterfaceOrientationLandscapeRight";
				INFOPLIST_KEY_UISupportedInterfaceOrientations_iPhone = "UIInterfaceOrientationPortrait UIInterfaceOrientationLandscapeLeft UIInterfaceOrientationLandscapeRight";
				IPHONEOS_DEPLOYMENT_TARGET = 17.0;
				LD_RUNPATH_SEARCH_PATHS = (
					"$(inherited)",
					"@executable_path/Frameworks",
				);
				MARKETING_VERSION = 1.0;
				PRODUCT_BUNDLE_IDENTIFIER = com.ivansaul.SwiftUIMovieDB;
				PRODUCT_NAME = "$(TARGET_NAME)";
				SWIFT_EMIT_LOC_STRINGS = YES;
				SWIFT_VERSION = 5.0;
				TARGETED_DEVICE_FAMILY = "1,2";
			};
			name = Release;
		};
/* End XCBuildConfiguration section */

/* Begin XCConfigurationList section */
		C73FF8282C9F97B500140E38 /* Build configuration list for PBXProject "SwiftUIMovieDB" */ = {
			isa = XCConfigurationList;
			buildConfigurations = (
				C73FF8392C9F97B600140E38 /* Debug */,
				C73FF83A2C9F97B600140E38 /* Release */,
			);
			defaultConfigurationIsVisible = 0;
			defaultConfigurationName = Release;
		};
		C73FF83B2C9F97B600140E38 /* Build configuration list for PBXNativeTarget "SwiftUIMovieDB" */ = {
			isa = XCConfigurationList;
			buildConfigurations = (
				C73FF83C2C9F97B600140E38 /* Debug */,
				C73FF83D2C9F97B600140E38 /* Release */,
			);
			defaultConfigurationIsVisible = 0;
			defaultConfigurationName = Release;
		};
/* End XCConfigurationList section */

/* Begin XCRemoteSwiftPackageReference section */
		C7CB0E572CC3503100CD24A7 /* XCRemoteSwiftPackageReference "keychain-swift" */ = {
			isa = XCRemoteSwiftPackageReference;
			repositoryURL = "https://github.com/evgenyneu/keychain-swift";
			requirement = {
				kind = upToNextMajorVersion;
				minimumVersion = 24.0.0;
			};
		};
/* End XCRemoteSwiftPackageReference section */

/* Begin XCSwiftPackageProductDependency section */
		C7CB0E582CC3503100CD24A7 /* KeychainSwift */ = {
			isa = XCSwiftPackageProductDependency;
			package = C7CB0E572CC3503100CD24A7 /* XCRemoteSwiftPackageReference "keychain-swift" */;
			productName = KeychainSwift;
		};
/* End XCSwiftPackageProductDependency section */
	};
	rootObject = C73FF8252C9F97B500140E38 /* Project object */;
}
